{
  "version": 4,
  "terraform_version": "1.3.6",
  "serial": 27,
  "lineage": "fb5957bc-8ea1-9171-6ad9-96f0425ccc45",
  "outputs": {
    "kubeconfig": {
      "value": "\n---\napiVersion: v1\nclusters:\n- cluster:\n    server: https://311FC06CD201C7FCB9B041B8530CC96B.yl4.us-east-1.eks.amazonaws.com\n    certificate-authority-data: LS0tLS1CRUdJTiBDRVJUSUZJQ0FURS0tLS0tCk1JSUMvakNDQWVhZ0F3SUJBZ0lCQURBTkJna3Foa2lHOXcwQkFRc0ZBREFWTVJNd0VRWURWUVFERXdwcmRXSmwKY201bGRHVnpNQjRYRFRJek1EWXlOREF5TWpBMU1sb1hEVE16TURZeU1UQXlNakExTWxvd0ZURVRNQkVHQTFVRQpBeE1LYTNWaVpYSnVaWFJsY3pDQ0FTSXdEUVlKS29aSWh2Y05BUUVCQlFBRGdnRVBBRENDQVFvQ2dnRUJBT3VtCmRGRVFBaUVHMHlWY3puQWxscXgvb3VodVc3Zi9qdm5penZzMWRUa1k3S0VvZHhmazU4VHExcFRZZW1pdklXenUKYXNjTDlwVFNqWVBkT1ZYeWdtYVVTVTA2Y05wY01PWlVsa0FMVUVIQVcyRjVHVFRuaVdrVG1oSlJxUzcyYzY1ZgpCRGlvcTErNXJlYnNRQ2VOdml2RHV2SzByYXE3T25RS05NSkU2OGRDeUZZRndZeFIveFhrc1NaTzBBY1J1VjhJCmVuYklPS1B0Z1lqdEtvbENMT0ZaTkFuelNZem5JTFlkeFNiZmgxT3B2aWFFQ3VmUkhYUHQ1akxZY09LRlo5ZC8KZnlaVVN3UERObVhlZFdiYjM0aThmVkd3OWhTc0ZaSEl0V3F4K3lJMGRaN0FEV2p2andJNEthYW44ejc4T0hVNQpobkhYQ0h0a3o3UFlzTTdHNUlNQ0F3RUFBYU5aTUZjd0RnWURWUjBQQVFIL0JBUURBZ0trTUE4R0ExVWRFd0VCCi93UUZNQU1CQWY4d0hRWURWUjBPQkJZRUZKZmp4a0FTU1RVSkh6M0pZcHZyL0xoVnp0Vk1NQlVHQTFVZEVRUU8KTUF5Q0NtdDFZbVZ5Ym1WMFpYTXdEUVlKS29aSWh2Y05BUUVMQlFBRGdnRUJBSjN1K3IrenROaWFmUWVTdmp0RQpMYlQ2TjZ2UUVqemZPa1UvcmhkZHFSWGFNLzBFaVVkY1NCSUR4eG51cXN3S3pYbSsvK0lvOHl2YkNkVTNoNnJBCnd4TE1heTVwdGZxYWgyNGExM3FWQ21ORVgycmY2NWhCT2diU3FFM1lVb2NrUmV6WFRTMTJpS1VEa1pseG9kM2kKZWsrY1E1aHErUDFCeUIyRGc1RGUxK1FGM3g0TTk0RWpWTmNsYk0xRXJ4SGREWEJnNENENlNENW5ZK2lYMnFOSQpmbzdiVUdKNVNqZ0MrZWNwT05XdGE2SU9ESWpMVFN5eDhuaHczYi8wWk9tT2dBVHNjL3RsaElHejN6QU50MG1CClhGV3IyVWFQK0JHNkVtV0Q4ckZrdjk1dGFrSGpucEdBb0VFeDU0d3BRVzFicVN2M0MzOUhFQjZxTWozcmxNTDIKNHdFPQotLS0tLUVORCBDRVJUSUZJQ0FURS0tLS0tCg==\n  name: eks-test\ncontexts:\n- context:\n    cluster: eks-test\n    user: aws\n  name: eks-test\ncurrent-context: eks-test\nkind: Config\npreferences: {}\nusers:\n- name: aws\n  user:\n    exec:\n      apiVersion: client.authentication.k8s.io/v1alpha1\n      command: aws-iam-authenticator\n      args:\n        - \"token\"\n        - \"-i\"\n        - \"virgo-eks-test\"\n",
      "type": "string"
    }
  },
  "resources": [
    {
      "mode": "data",
      "type": "aws_availability_zones",
      "name": "available",
      "provider": "provider[\"registry.terraform.io/hashicorp/aws\"]",
      "instances": [
        {
          "schema_version": 0,
          "attributes": {
            "all_availability_zones": null,
            "exclude_names": null,
            "exclude_zone_ids": null,
            "filter": null,
            "group_names": [
              "us-east-1"
            ],
            "id": "us-east-1",
            "names": [
              "us-east-1a",
              "us-east-1b",
              "us-east-1c",
              "us-east-1d",
              "us-east-1e",
              "us-east-1f"
            ],
            "state": "available",
            "timeouts": null,
            "zone_ids": [
              "use1-az1",
              "use1-az2",
              "use1-az4",
              "use1-az6",
              "use1-az3",
              "use1-az5"
            ]
          },
          "sensitive_attributes": []
        }
      ]
    },
    {
      "mode": "managed",
      "type": "aws_eks_cluster",
      "name": "eks-test-cluster",
      "provider": "provider[\"registry.terraform.io/hashicorp/aws\"]",
      "instances": [
        {
          "schema_version": 0,
          "attributes": {
            "arn": "arn:aws:eks:us-east-1:891564155871:cluster/virgo-eks-test",
            "certificate_authority": [
              {
                "data": "LS0tLS1CRUdJTiBDRVJUSUZJQ0FURS0tLS0tCk1JSUMvakNDQWVhZ0F3SUJBZ0lCQURBTkJna3Foa2lHOXcwQkFRc0ZBREFWTVJNd0VRWURWUVFERXdwcmRXSmwKY201bGRHVnpNQjRYRFRJek1EWXlOREF5TWpBMU1sb1hEVE16TURZeU1UQXlNakExTWxvd0ZURVRNQkVHQTFVRQpBeE1LYTNWaVpYSnVaWFJsY3pDQ0FTSXdEUVlKS29aSWh2Y05BUUVCQlFBRGdnRVBBRENDQVFvQ2dnRUJBT3VtCmRGRVFBaUVHMHlWY3puQWxscXgvb3VodVc3Zi9qdm5penZzMWRUa1k3S0VvZHhmazU4VHExcFRZZW1pdklXenUKYXNjTDlwVFNqWVBkT1ZYeWdtYVVTVTA2Y05wY01PWlVsa0FMVUVIQVcyRjVHVFRuaVdrVG1oSlJxUzcyYzY1ZgpCRGlvcTErNXJlYnNRQ2VOdml2RHV2SzByYXE3T25RS05NSkU2OGRDeUZZRndZeFIveFhrc1NaTzBBY1J1VjhJCmVuYklPS1B0Z1lqdEtvbENMT0ZaTkFuelNZem5JTFlkeFNiZmgxT3B2aWFFQ3VmUkhYUHQ1akxZY09LRlo5ZC8KZnlaVVN3UERObVhlZFdiYjM0aThmVkd3OWhTc0ZaSEl0V3F4K3lJMGRaN0FEV2p2andJNEthYW44ejc4T0hVNQpobkhYQ0h0a3o3UFlzTTdHNUlNQ0F3RUFBYU5aTUZjd0RnWURWUjBQQVFIL0JBUURBZ0trTUE4R0ExVWRFd0VCCi93UUZNQU1CQWY4d0hRWURWUjBPQkJZRUZKZmp4a0FTU1RVSkh6M0pZcHZyL0xoVnp0Vk1NQlVHQTFVZEVRUU8KTUF5Q0NtdDFZbVZ5Ym1WMFpYTXdEUVlKS29aSWh2Y05BUUVMQlFBRGdnRUJBSjN1K3IrenROaWFmUWVTdmp0RQpMYlQ2TjZ2UUVqemZPa1UvcmhkZHFSWGFNLzBFaVVkY1NCSUR4eG51cXN3S3pYbSsvK0lvOHl2YkNkVTNoNnJBCnd4TE1heTVwdGZxYWgyNGExM3FWQ21ORVgycmY2NWhCT2diU3FFM1lVb2NrUmV6WFRTMTJpS1VEa1pseG9kM2kKZWsrY1E1aHErUDFCeUIyRGc1RGUxK1FGM3g0TTk0RWpWTmNsYk0xRXJ4SGREWEJnNENENlNENW5ZK2lYMnFOSQpmbzdiVUdKNVNqZ0MrZWNwT05XdGE2SU9ESWpMVFN5eDhuaHczYi8wWk9tT2dBVHNjL3RsaElHejN6QU50MG1CClhGV3IyVWFQK0JHNkVtV0Q4ckZrdjk1dGFrSGpucEdBb0VFeDU0d3BRVzFicVN2M0MzOUhFQjZxTWozcmxNTDIKNHdFPQotLS0tLUVORCBDRVJUSUZJQ0FURS0tLS0tCg=="
              }
            ],
            "cluster_id": null,
            "created_at": "2023-06-24 02:15:35.166 +0000 UTC",
            "enabled_cluster_log_types": [],
            "encryption_config": [],
            "endpoint": "https://311FC06CD201C7FCB9B041B8530CC96B.yl4.us-east-1.eks.amazonaws.com",
            "id": "virgo-eks-test",
            "identity": [
              {
                "oidc": [
                  {
                    "issuer": "https://oidc.eks.us-east-1.amazonaws.com/id/311FC06CD201C7FCB9B041B8530CC96B"
                  }
                ]
              }
            ],
            "kubernetes_network_config": [
              {
                "ip_family": "ipv4",
                "service_ipv4_cidr": "172.20.0.0/16",
                "service_ipv6_cidr": ""
              }
            ],
            "name": "virgo-eks-test",
            "outpost_config": [],
            "platform_version": "eks.2",
            "role_arn": "arn:aws:iam::891564155871:role/virgo-test-cluster-iam",
            "status": "ACTIVE",
            "tags": {},
            "tags_all": {},
            "timeouts": null,
            "version": "1.27",
            "vpc_config": [
              {
                "cluster_security_group_id": "sg-076d7521d3def8f1a",
                "endpoint_private_access": false,
                "endpoint_public_access": true,
                "public_access_cidrs": [
                  "0.0.0.0/0"
                ],
                "security_group_ids": [
                  "sg-032ebf1ef64b8ad08"
                ],
                "subnet_ids": [
                  "subnet-0393ba9d097e4b6a7",
                  "subnet-0c137a50c5e43d140"
                ],
                "vpc_id": "vpc-05e62823aa10c4cda"
              }
            ]
          },
          "sensitive_attributes": [],
          "private": "eyJlMmJmYjczMC1lY2FhLTExZTYtOGY4OC0zNDM2M2JjN2M0YzAiOnsiY3JlYXRlIjoxODAwMDAwMDAwMDAwLCJkZWxldGUiOjkwMDAwMDAwMDAwMCwidXBkYXRlIjozNjAwMDAwMDAwMDAwfX0=",
          "dependencies": [
            "aws_iam_role.eks-test-cluster-iam",
            "aws_iam_role_policy_attachment.eks-test-cluster-iam-AmazonEKSClusterPolicy",
            "aws_iam_role_policy_attachment.eks-test-cluster-iam-AmazonEKSServicePolicy",
            "aws_security_group.eks-test-cluster-sg",
            "aws_subnet.eks-test-subnet",
            "aws_vpc.eks-test-vpc",
            "data.aws_availability_zones.available"
          ]
        }
      ]
    },
    {
      "mode": "managed",
      "type": "aws_eks_node_group",
      "name": "eks-test-nodegroup",
      "provider": "provider[\"registry.terraform.io/hashicorp/aws\"]",
      "instances": [
        {
          "schema_version": 0,
          "attributes": {
            "ami_type": "AL2_x86_64",
            "arn": "arn:aws:eks:us-east-1:891564155871:nodegroup/virgo-eks-test/eks-virgo/c8c4759e-e0ed-a39f-daf2-f6a20ce71284",
            "capacity_type": "ON_DEMAND",
            "cluster_name": "virgo-eks-test",
            "disk_size": 20,
            "force_update_version": null,
            "id": "virgo-eks-test:eks-virgo",
            "instance_types": [
              "t2.micro"
            ],
            "labels": null,
            "launch_template": [],
            "node_group_name": "eks-virgo",
            "node_group_name_prefix": "",
            "node_role_arn": "arn:aws:iam::891564155871:role/eks-node-group-example",
            "release_version": "1.27.1-20230607",
            "remote_access": [],
            "resources": [
              {
                "autoscaling_groups": [
                  {
                    "name": "eks-eks-virgo-c8c4759e-e0ed-a39f-daf2-f6a20ce71284"
                  }
                ],
                "remote_access_security_group_id": ""
              }
            ],
            "scaling_config": [
              {
                "desired_size": 2,
                "max_size": 3,
                "min_size": 1
              }
            ],
            "status": "ACTIVE",
            "subnet_ids": [
              "subnet-0393ba9d097e4b6a7",
              "subnet-0c137a50c5e43d140"
            ],
            "tags": null,
            "tags_all": {},
            "taint": [],
            "timeouts": null,
            "update_config": [
              {
                "max_unavailable": 1,
                "max_unavailable_percentage": 0
              }
            ],
            "version": "1.27"
          },
          "sensitive_attributes": [],
          "private": "eyJlMmJmYjczMC1lY2FhLTExZTYtOGY4OC0zNDM2M2JjN2M0YzAiOnsiY3JlYXRlIjozNjAwMDAwMDAwMDAwLCJkZWxldGUiOjM2MDAwMDAwMDAwMDAsInVwZGF0ZSI6MzYwMDAwMDAwMDAwMH19",
          "dependencies": [
            "aws_eks_cluster.eks-test-cluster",
            "aws_iam_role.eks-test-nodegroup-iam",
            "aws_iam_role_policy_attachment.eks-test-nodegroup-iam-AmazonEC2ContainerRegistryReadOnly",
            "aws_iam_role_policy_attachment.eks-test-nodegroup-iam-AmazonEKSWorkerNodePolicy",
            "aws_iam_role_policy_attachment.eks-test-nodegroup-iam-AmazonEKS_CNI_Policy",
            "aws_subnet.eks-test-subnet",
            "aws_vpc.eks-test-vpc",
            "data.aws_availability_zones.available"
          ]
        }
      ]
    },
    {
      "mode": "managed",
      "type": "aws_iam_role",
      "name": "eks-test-cluster-iam",
      "provider": "provider[\"registry.terraform.io/hashicorp/aws\"]",
      "instances": [
        {
          "schema_version": 0,
          "attributes": {
            "arn": "arn:aws:iam::891564155871:role/virgo-test-cluster-iam",
            "assume_role_policy": "{\"Statement\":[{\"Action\":\"sts:AssumeRole\",\"Effect\":\"Allow\",\"Principal\":{\"Service\":\"eks.amazonaws.com\"}}],\"Version\":\"2012-10-17\"}",
            "create_date": "2023-06-24T02:15:30Z",
            "description": "",
            "force_detach_policies": false,
            "id": "virgo-test-cluster-iam",
            "inline_policy": [],
            "managed_policy_arns": [
              "arn:aws:iam::aws:policy/AmazonEKSClusterPolicy",
              "arn:aws:iam::aws:policy/AmazonEKSServicePolicy"
            ],
            "max_session_duration": 3600,
            "name": "virgo-test-cluster-iam",
            "name_prefix": "",
            "path": "/",
            "permissions_boundary": null,
            "tags": {},
            "tags_all": {},
            "unique_id": "AROA47FK5MPP3BEIATZIM"
          },
          "sensitive_attributes": [],
          "private": "bnVsbA=="
        }
      ]
    },
    {
      "mode": "managed",
      "type": "aws_iam_role",
      "name": "eks-test-nodegroup-iam",
      "provider": "provider[\"registry.terraform.io/hashicorp/aws\"]",
      "instances": [
        {
          "schema_version": 0,
          "attributes": {
            "arn": "arn:aws:iam::891564155871:role/eks-node-group-example",
            "assume_role_policy": "{\"Statement\":[{\"Action\":\"sts:AssumeRole\",\"Effect\":\"Allow\",\"Principal\":{\"Service\":\"ec2.amazonaws.com\"}}],\"Version\":\"2012-10-17\"}",
            "create_date": "2023-06-24T02:15:30Z",
            "description": "",
            "force_detach_policies": false,
            "id": "eks-node-group-example",
            "inline_policy": [],
            "managed_policy_arns": [
              "arn:aws:iam::aws:policy/AmazonEC2ContainerRegistryReadOnly",
              "arn:aws:iam::aws:policy/AmazonEKSWorkerNodePolicy",
              "arn:aws:iam::aws:policy/AmazonEKS_CNI_Policy"
            ],
            "max_session_duration": 3600,
            "name": "eks-node-group-example",
            "name_prefix": "",
            "path": "/",
            "permissions_boundary": null,
            "tags": {},
            "tags_all": {},
            "unique_id": "AROA47FK5MPPTN7PO4IIC"
          },
          "sensitive_attributes": [],
          "private": "bnVsbA=="
        }
      ]
    },
    {
      "mode": "managed",
      "type": "aws_iam_role_policy_attachment",
      "name": "eks-test-cluster-iam-AmazonEKSClusterPolicy",
      "provider": "provider[\"registry.terraform.io/hashicorp/aws\"]",
      "instances": [
        {
          "schema_version": 0,
          "attributes": {
            "id": "virgo-test-cluster-iam-20230624021530697300000001",
            "policy_arn": "arn:aws:iam::aws:policy/AmazonEKSClusterPolicy",
            "role": "virgo-test-cluster-iam"
          },
          "sensitive_attributes": [],
          "private": "bnVsbA==",
          "dependencies": [
            "aws_iam_role.eks-test-cluster-iam"
          ]
        }
      ]
    },
    {
      "mode": "managed",
      "type": "aws_iam_role_policy_attachment",
      "name": "eks-test-cluster-iam-AmazonEKSServicePolicy",
      "provider": "provider[\"registry.terraform.io/hashicorp/aws\"]",
      "instances": [
        {
          "schema_version": 0,
          "attributes": {
            "id": "virgo-test-cluster-iam-20230624021530707600000002",
            "policy_arn": "arn:aws:iam::aws:policy/AmazonEKSServicePolicy",
            "role": "virgo-test-cluster-iam"
          },
          "sensitive_attributes": [],
          "private": "bnVsbA==",
          "dependencies": [
            "aws_iam_role.eks-test-cluster-iam"
          ]
        }
      ]
    },
    {
      "mode": "managed",
      "type": "aws_iam_role_policy_attachment",
      "name": "eks-test-nodegroup-iam-AmazonEC2ContainerRegistryReadOnly",
      "provider": "provider[\"registry.terraform.io/hashicorp/aws\"]",
      "instances": [
        {
          "schema_version": 0,
          "attributes": {
            "id": "eks-node-group-example-20230624021530785400000003",
            "policy_arn": "arn:aws:iam::aws:policy/AmazonEC2ContainerRegistryReadOnly",
            "role": "eks-node-group-example"
          },
          "sensitive_attributes": [],
          "private": "bnVsbA==",
          "dependencies": [
            "aws_iam_role.eks-test-nodegroup-iam"
          ]
        }
      ]
    },
    {
      "mode": "managed",
      "type": "aws_iam_role_policy_attachment",
      "name": "eks-test-nodegroup-iam-AmazonEKSWorkerNodePolicy",
      "provider": "provider[\"registry.terraform.io/hashicorp/aws\"]",
      "instances": [
        {
          "schema_version": 0,
          "attributes": {
            "id": "eks-node-group-example-20230624021530815100000005",
            "policy_arn": "arn:aws:iam::aws:policy/AmazonEKSWorkerNodePolicy",
            "role": "eks-node-group-example"
          },
          "sensitive_attributes": [],
          "private": "bnVsbA==",
          "dependencies": [
            "aws_iam_role.eks-test-nodegroup-iam"
          ]
        }
      ]
    },
    {
      "mode": "managed",
      "type": "aws_iam_role_policy_attachment",
      "name": "eks-test-nodegroup-iam-AmazonEKS_CNI_Policy",
      "provider": "provider[\"registry.terraform.io/hashicorp/aws\"]",
      "instances": [
        {
          "schema_version": 0,
          "attributes": {
            "id": "eks-node-group-example-20230624021530788600000004",
            "policy_arn": "arn:aws:iam::aws:policy/AmazonEKS_CNI_Policy",
            "role": "eks-node-group-example"
          },
          "sensitive_attributes": [],
          "private": "bnVsbA==",
          "dependencies": [
            "aws_iam_role.eks-test-nodegroup-iam"
          ]
        }
      ]
    },
    {
      "mode": "managed",
      "type": "aws_internet_gateway",
      "name": "eks-test-gw",
      "provider": "provider[\"registry.terraform.io/hashicorp/aws\"]",
      "instances": [
        {
          "schema_version": 0,
          "attributes": {
            "arn": "arn:aws:ec2:us-east-1:891564155871:internet-gateway/igw-003a35145b277832c",
            "id": "igw-003a35145b277832c",
            "owner_id": "891564155871",
            "tags": {
              "Name": "virgo-eks-test"
            },
            "tags_all": {
              "Name": "virgo-eks-test"
            },
            "timeouts": null,
            "vpc_id": "vpc-05e62823aa10c4cda"
          },
          "sensitive_attributes": [],
          "private": "eyJlMmJmYjczMC1lY2FhLTExZTYtOGY4OC0zNDM2M2JjN2M0YzAiOnsiY3JlYXRlIjoxMjAwMDAwMDAwMDAwLCJkZWxldGUiOjEyMDAwMDAwMDAwMDAsInVwZGF0ZSI6MTIwMDAwMDAwMDAwMH19",
          "dependencies": [
            "aws_vpc.eks-test-vpc"
          ]
        }
      ]
    },
    {
      "mode": "managed",
      "type": "aws_route_table",
      "name": "eks-test-rt",
      "provider": "provider[\"registry.terraform.io/hashicorp/aws\"]",
      "instances": [
        {
          "schema_version": 0,
          "attributes": {
            "arn": "arn:aws:ec2:us-east-1:891564155871:route-table/rtb-0571a2a7d84ec1e67",
            "id": "rtb-0571a2a7d84ec1e67",
            "owner_id": "891564155871",
            "propagating_vgws": [],
            "route": [
              {
                "carrier_gateway_id": "",
                "cidr_block": "0.0.0.0/0",
                "core_network_arn": "",
                "destination_prefix_list_id": "",
                "egress_only_gateway_id": "",
                "gateway_id": "igw-003a35145b277832c",
                "ipv6_cidr_block": "",
                "local_gateway_id": "",
                "nat_gateway_id": "",
                "network_interface_id": "",
                "transit_gateway_id": "",
                "vpc_endpoint_id": "",
                "vpc_peering_connection_id": ""
              }
            ],
            "tags": {},
            "tags_all": {},
            "timeouts": null,
            "vpc_id": "vpc-05e62823aa10c4cda"
          },
          "sensitive_attributes": [],
          "private": "eyJlMmJmYjczMC1lY2FhLTExZTYtOGY4OC0zNDM2M2JjN2M0YzAiOnsiY3JlYXRlIjozMDAwMDAwMDAwMDAsImRlbGV0ZSI6MzAwMDAwMDAwMDAwLCJ1cGRhdGUiOjEyMDAwMDAwMDAwMH19",
          "dependencies": [
            "aws_internet_gateway.eks-test-gw",
            "aws_vpc.eks-test-vpc"
          ]
        }
      ]
    },
    {
      "mode": "managed",
      "type": "aws_route_table_association",
      "name": "eks-test-rta",
      "provider": "provider[\"registry.terraform.io/hashicorp/aws\"]",
      "instances": [
        {
          "index_key": 0,
          "schema_version": 0,
          "attributes": {
            "gateway_id": "",
            "id": "rtbassoc-0cfea926c934d33cf",
            "route_table_id": "rtb-0571a2a7d84ec1e67",
            "subnet_id": "subnet-0c137a50c5e43d140",
            "timeouts": null
          },
          "sensitive_attributes": [],
          "private": "eyJlMmJmYjczMC1lY2FhLTExZTYtOGY4OC0zNDM2M2JjN2M0YzAiOnsiY3JlYXRlIjozMDAwMDAwMDAwMDAsImRlbGV0ZSI6MzAwMDAwMDAwMDAwLCJ1cGRhdGUiOjEyMDAwMDAwMDAwMH19",
          "dependencies": [
            "aws_internet_gateway.eks-test-gw",
            "aws_route_table.eks-test-rt",
            "aws_subnet.eks-test-subnet",
            "aws_vpc.eks-test-vpc",
            "data.aws_availability_zones.available"
          ]
        },
        {
          "index_key": 1,
          "schema_version": 0,
          "attributes": {
            "gateway_id": "",
            "id": "rtbassoc-025955018cbe34884",
            "route_table_id": "rtb-0571a2a7d84ec1e67",
            "subnet_id": "subnet-0393ba9d097e4b6a7",
            "timeouts": null
          },
          "sensitive_attributes": [],
          "private": "eyJlMmJmYjczMC1lY2FhLTExZTYtOGY4OC0zNDM2M2JjN2M0YzAiOnsiY3JlYXRlIjozMDAwMDAwMDAwMDAsImRlbGV0ZSI6MzAwMDAwMDAwMDAwLCJ1cGRhdGUiOjEyMDAwMDAwMDAwMH19",
          "dependencies": [
            "aws_internet_gateway.eks-test-gw",
            "aws_route_table.eks-test-rt",
            "aws_subnet.eks-test-subnet",
            "aws_vpc.eks-test-vpc",
            "data.aws_availability_zones.available"
          ]
        }
      ]
    },
    {
      "mode": "managed",
      "type": "aws_security_group",
      "name": "eks-test-cluster-sg",
      "provider": "provider[\"registry.terraform.io/hashicorp/aws\"]",
      "instances": [
        {
          "schema_version": 1,
          "attributes": {
            "arn": "arn:aws:ec2:us-east-1:891564155871:security-group/sg-032ebf1ef64b8ad08",
            "description": "Cluster communication with worker nodes",
            "egress": [
              {
                "cidr_blocks": [
                  "0.0.0.0/0"
                ],
                "description": "",
                "from_port": 0,
                "ipv6_cidr_blocks": [],
                "prefix_list_ids": [],
                "protocol": "-1",
                "security_groups": [],
                "self": false,
                "to_port": 0
              }
            ],
            "id": "sg-032ebf1ef64b8ad08",
            "ingress": [],
            "name": "virgo-eks-test-cluster",
            "name_prefix": "",
            "owner_id": "891564155871",
            "revoke_rules_on_delete": false,
            "tags": {
              "Name": "virgo-eks-test"
            },
            "tags_all": {
              "Name": "virgo-eks-test"
            },
            "timeouts": null,
            "vpc_id": "vpc-05e62823aa10c4cda"
          },
          "sensitive_attributes": [],
          "private": "eyJlMmJmYjczMC1lY2FhLTExZTYtOGY4OC0zNDM2M2JjN2M0YzAiOnsiY3JlYXRlIjo2MDAwMDAwMDAwMDAsImRlbGV0ZSI6OTAwMDAwMDAwMDAwfSwic2NoZW1hX3ZlcnNpb24iOiIxIn0=",
          "dependencies": [
            "aws_vpc.eks-test-vpc"
          ]
        }
      ]
    },
    {
      "mode": "managed",
      "type": "aws_security_group",
      "name": "eks-test-nodegroup",
      "provider": "provider[\"registry.terraform.io/hashicorp/aws\"]",
      "instances": [
        {
          "schema_version": 1,
          "attributes": {
            "arn": "arn:aws:ec2:us-east-1:891564155871:security-group/sg-01e5d4da3010222f3",
            "description": "Security group for all nodes in the cluster",
            "egress": [
              {
                "cidr_blocks": [
                  "0.0.0.0/0"
                ],
                "description": "",
                "from_port": 0,
                "ipv6_cidr_blocks": [],
                "prefix_list_ids": [],
                "protocol": "-1",
                "security_groups": [],
                "self": false,
                "to_port": 0
              }
            ],
            "id": "sg-01e5d4da3010222f3",
            "ingress": [
              {
                "cidr_blocks": [],
                "description": "Allow node to communicate with each other",
                "from_port": 0,
                "ipv6_cidr_blocks": [],
                "prefix_list_ids": [],
                "protocol": "-1",
                "security_groups": [
                  "sg-032ebf1ef64b8ad08"
                ],
                "self": false,
                "to_port": 0
              },
              {
                "cidr_blocks": [],
                "description": "Allow pods to communicate with the cluster API Server",
                "from_port": 443,
                "ipv6_cidr_blocks": [],
                "prefix_list_ids": [],
                "protocol": "tcp",
                "security_groups": [
                  "sg-032ebf1ef64b8ad08"
                ],
                "self": false,
                "to_port": 443
              },
              {
                "cidr_blocks": [],
                "description": "Allow worker Kubelets and pods to receive communication from the cluster control      plane",
                "from_port": 1025,
                "ipv6_cidr_blocks": [],
                "prefix_list_ids": [],
                "protocol": "tcp",
                "security_groups": [
                  "sg-032ebf1ef64b8ad08"
                ],
                "self": false,
                "to_port": 65535
              }
            ],
            "name": "terraform-eks-test-node",
            "name_prefix": "",
            "owner_id": "891564155871",
            "revoke_rules_on_delete": false,
            "tags": {
              "Name": "virgo-eks-test-node",
              "kubernetes.io/cluster/virgo-eks-test": "owned"
            },
            "tags_all": {
              "Name": "virgo-eks-test-node",
              "kubernetes.io/cluster/virgo-eks-test": "owned"
            },
            "timeouts": null,
            "vpc_id": "vpc-05e62823aa10c4cda"
          },
          "sensitive_attributes": [],
          "private": "eyJlMmJmYjczMC1lY2FhLTExZTYtOGY4OC0zNDM2M2JjN2M0YzAiOnsiY3JlYXRlIjo2MDAwMDAwMDAwMDAsImRlbGV0ZSI6OTAwMDAwMDAwMDAwfSwic2NoZW1hX3ZlcnNpb24iOiIxIn0=",
          "dependencies": [
            "aws_vpc.eks-test-vpc"
          ]
        }
      ]
    },
    {
      "mode": "managed",
      "type": "aws_security_group_rule",
      "name": "eks-test-cluster-ingress-node-https",
      "provider": "provider[\"registry.terraform.io/hashicorp/aws\"]",
      "instances": [
        {
          "schema_version": 2,
          "attributes": {
            "cidr_blocks": null,
            "description": "Allow pods to communicate with the cluster API Server",
            "from_port": 443,
            "id": "sgrule-341238732",
            "ipv6_cidr_blocks": null,
            "prefix_list_ids": null,
            "protocol": "tcp",
            "security_group_id": "sg-01e5d4da3010222f3",
            "security_group_rule_id": "sgr-0813c39d76cd5a28f",
            "self": false,
            "source_security_group_id": "sg-032ebf1ef64b8ad08",
            "timeouts": null,
            "to_port": 443,
            "type": "ingress"
          },
          "sensitive_attributes": [],
          "private": "eyJlMmJmYjczMC1lY2FhLTExZTYtOGY4OC0zNDM2M2JjN2M0YzAiOnsiY3JlYXRlIjozMDAwMDAwMDAwMDB9LCJzY2hlbWFfdmVyc2lvbiI6IjIifQ==",
          "dependencies": [
            "aws_security_group.eks-test-cluster-sg",
            "aws_security_group.eks-test-nodegroup",
            "aws_vpc.eks-test-vpc"
          ]
        }
      ]
    },
    {
      "mode": "managed",
      "type": "aws_security_group_rule",
      "name": "eks-test-node-ingress-cluster",
      "provider": "provider[\"registry.terraform.io/hashicorp/aws\"]",
      "instances": [
        {
          "schema_version": 2,
          "attributes": {
            "cidr_blocks": null,
            "description": "Allow worker Kubelets and pods to receive communication from the cluster control      plane",
            "from_port": 1025,
            "id": "sgrule-516210513",
            "ipv6_cidr_blocks": null,
            "prefix_list_ids": null,
            "protocol": "tcp",
            "security_group_id": "sg-01e5d4da3010222f3",
            "security_group_rule_id": "sgr-015d5a77bfa5af8cd",
            "self": false,
            "source_security_group_id": "sg-032ebf1ef64b8ad08",
            "timeouts": null,
            "to_port": 65535,
            "type": "ingress"
          },
          "sensitive_attributes": [],
          "private": "eyJlMmJmYjczMC1lY2FhLTExZTYtOGY4OC0zNDM2M2JjN2M0YzAiOnsiY3JlYXRlIjozMDAwMDAwMDAwMDB9LCJzY2hlbWFfdmVyc2lvbiI6IjIifQ==",
          "dependencies": [
            "aws_security_group.eks-test-cluster-sg",
            "aws_security_group.eks-test-nodegroup",
            "aws_vpc.eks-test-vpc"
          ]
        }
      ]
    },
    {
      "mode": "managed",
      "type": "aws_security_group_rule",
      "name": "eks-test-node-ingress-self",
      "provider": "provider[\"registry.terraform.io/hashicorp/aws\"]",
      "instances": [
        {
          "schema_version": 2,
          "attributes": {
            "cidr_blocks": null,
            "description": "Allow node to communicate with each other",
            "from_port": 0,
            "id": "sgrule-2399553972",
            "ipv6_cidr_blocks": null,
            "prefix_list_ids": null,
            "protocol": "-1",
            "security_group_id": "sg-01e5d4da3010222f3",
            "security_group_rule_id": "sgr-01a334ab03db24e55",
            "self": false,
            "source_security_group_id": "sg-032ebf1ef64b8ad08",
            "timeouts": null,
            "to_port": 0,
            "type": "ingress"
          },
          "sensitive_attributes": [],
          "private": "eyJlMmJmYjczMC1lY2FhLTExZTYtOGY4OC0zNDM2M2JjN2M0YzAiOnsiY3JlYXRlIjozMDAwMDAwMDAwMDB9LCJzY2hlbWFfdmVyc2lvbiI6IjIifQ==",
          "dependencies": [
            "aws_security_group.eks-test-cluster-sg",
            "aws_security_group.eks-test-nodegroup",
            "aws_vpc.eks-test-vpc"
          ]
        }
      ]
    },
    {
      "mode": "managed",
      "type": "aws_subnet",
      "name": "eks-test-subnet",
      "provider": "provider[\"registry.terraform.io/hashicorp/aws\"]",
      "instances": [
        {
          "index_key": 0,
          "schema_version": 1,
          "attributes": {
            "arn": "arn:aws:ec2:us-east-1:891564155871:subnet/subnet-0c137a50c5e43d140",
            "assign_ipv6_address_on_creation": false,
            "availability_zone": "us-east-1a",
            "availability_zone_id": "use1-az1",
            "cidr_block": "10.0.0.0/24",
            "customer_owned_ipv4_pool": "",
            "enable_dns64": false,
            "enable_lni_at_device_index": 0,
            "enable_resource_name_dns_a_record_on_launch": false,
            "enable_resource_name_dns_aaaa_record_on_launch": false,
            "id": "subnet-0c137a50c5e43d140",
            "ipv6_cidr_block": "",
            "ipv6_cidr_block_association_id": "",
            "ipv6_native": false,
            "map_customer_owned_ip_on_launch": false,
            "map_public_ip_on_launch": true,
            "outpost_arn": "",
            "owner_id": "891564155871",
            "private_dns_hostname_type_on_launch": "ip-name",
            "tags": {
              "Name": "virgo-eks-test-node",
              "kubernetes.io/cluster/virgo-eks-test": "shared"
            },
            "tags_all": {
              "Name": "virgo-eks-test-node",
              "kubernetes.io/cluster/virgo-eks-test": "shared"
            },
            "timeouts": null,
            "vpc_id": "vpc-05e62823aa10c4cda"
          },
          "sensitive_attributes": [],
          "private": "eyJlMmJmYjczMC1lY2FhLTExZTYtOGY4OC0zNDM2M2JjN2M0YzAiOnsiY3JlYXRlIjo2MDAwMDAwMDAwMDAsImRlbGV0ZSI6MTIwMDAwMDAwMDAwMH0sInNjaGVtYV92ZXJzaW9uIjoiMSJ9",
          "dependencies": [
            "aws_vpc.eks-test-vpc",
            "data.aws_availability_zones.available"
          ]
        },
        {
          "index_key": 1,
          "schema_version": 1,
          "attributes": {
            "arn": "arn:aws:ec2:us-east-1:891564155871:subnet/subnet-0393ba9d097e4b6a7",
            "assign_ipv6_address_on_creation": false,
            "availability_zone": "us-east-1b",
            "availability_zone_id": "use1-az2",
            "cidr_block": "10.0.1.0/24",
            "customer_owned_ipv4_pool": "",
            "enable_dns64": false,
            "enable_lni_at_device_index": 0,
            "enable_resource_name_dns_a_record_on_launch": false,
            "enable_resource_name_dns_aaaa_record_on_launch": false,
            "id": "subnet-0393ba9d097e4b6a7",
            "ipv6_cidr_block": "",
            "ipv6_cidr_block_association_id": "",
            "ipv6_native": false,
            "map_customer_owned_ip_on_launch": false,
            "map_public_ip_on_launch": true,
            "outpost_arn": "",
            "owner_id": "891564155871",
            "private_dns_hostname_type_on_launch": "ip-name",
            "tags": {
              "Name": "virgo-eks-test-node",
              "kubernetes.io/cluster/virgo-eks-test": "shared"
            },
            "tags_all": {
              "Name": "virgo-eks-test-node",
              "kubernetes.io/cluster/virgo-eks-test": "shared"
            },
            "timeouts": null,
            "vpc_id": "vpc-05e62823aa10c4cda"
          },
          "sensitive_attributes": [],
          "private": "eyJlMmJmYjczMC1lY2FhLTExZTYtOGY4OC0zNDM2M2JjN2M0YzAiOnsiY3JlYXRlIjo2MDAwMDAwMDAwMDAsImRlbGV0ZSI6MTIwMDAwMDAwMDAwMH0sInNjaGVtYV92ZXJzaW9uIjoiMSJ9",
          "dependencies": [
            "aws_vpc.eks-test-vpc",
            "data.aws_availability_zones.available"
          ]
        }
      ]
    },
    {
      "mode": "managed",
      "type": "aws_vpc",
      "name": "eks-test-vpc",
      "provider": "provider[\"registry.terraform.io/hashicorp/aws\"]",
      "instances": [
        {
          "schema_version": 1,
          "attributes": {
            "arn": "arn:aws:ec2:us-east-1:891564155871:vpc/vpc-05e62823aa10c4cda",
            "assign_generated_ipv6_cidr_block": false,
            "cidr_block": "10.0.0.0/16",
            "default_network_acl_id": "acl-0be83f8d670a4dd8a",
            "default_route_table_id": "rtb-07423f95d6899bf0c",
            "default_security_group_id": "sg-06803e77cbff3a1bf",
            "dhcp_options_id": "dopt-066b90ed46ecd07ee",
            "enable_dns_hostnames": false,
            "enable_dns_support": true,
            "enable_network_address_usage_metrics": false,
            "id": "vpc-05e62823aa10c4cda",
            "instance_tenancy": "default",
            "ipv4_ipam_pool_id": null,
            "ipv4_netmask_length": null,
            "ipv6_association_id": "",
            "ipv6_cidr_block": "",
            "ipv6_cidr_block_network_border_group": "",
            "ipv6_ipam_pool_id": "",
            "ipv6_netmask_length": 0,
            "main_route_table_id": "rtb-07423f95d6899bf0c",
            "owner_id": "891564155871",
            "tags": {
              "Name": "virgo-eks-test-node",
              "kubernetes.io/cluster/virgo-eks-test": "shared"
            },
            "tags_all": {
              "Name": "virgo-eks-test-node",
              "kubernetes.io/cluster/virgo-eks-test": "shared"
            }
          },
          "sensitive_attributes": [],
          "private": "eyJzY2hlbWFfdmVyc2lvbiI6IjEifQ=="
        }
      ]
    }
  ],
  "check_results": null
}
